
Microsoft Visual Studio Solution File, Format Version 12.00
# Visual Studio Version 16
VisualStudioVersion = 16.0.31129.286
MinimumVisualStudioVersion = 10.0.40219.1
Project("{FAE04EC0-301F-11D3-BF4B-00C04F79EFBC}") = "Vjezba7", "Vjezba7.csproj", "{3238543A-2F29-4891-9507-5482F6D8A808}"
EndProject
Global
	GlobalSection(SolutionConfigurationPlatforms) = preSolution
		Debug|Any CPU = Debug|Any CPU
		Release|Any CPU = Release|Any CPU
	EndGlobalSection
	GlobalSection(ProjectConfigurationPlatforms) = postSolution
		{3238543A-2F29-4891-9507-5482F6D8A808}.Debug|Any CPU.ActiveCfg = Debug|Any CPU
		{3238543A-2F29-4891-9507-5482F6D8A808}.Debug|Any CPU.Build.0 = Debug|Any CPU
		{3238543A-2F29-4891-9507-5482F6D8A808}.Release|Any CPU.ActiveCfg = Release|Any CPU
		{3238543A-2F29-4891-9507-5482F6D8A808}.Release|Any CPU.Build.0 = Release|Any CPU
	EndGlobalSection
	GlobalSection(SolutionProperties) = preSolution
		HideSolutionNode = FALSE
	EndGlobalSection
	GlobalSection(ExtensibilityGlobals) = postSolution
		SolutionGuid = {1A0A4602-6D88-42F7-AE52-EA310407A3EB}
	EndGlobalSection
EndGlobal
