
Microsoft Visual Studio Solution File, Format Version 12.00
# Visual Studio Version 16
VisualStudioVersion = 16.0.31105.61
MinimumVisualStudioVersion = 10.0.40219.1
Project("{FAE04EC0-301F-11D3-BF4B-00C04F79EFBC}") = "Vjezba4", "Vjezba4\Vjezba4.csproj", "{85770C77-DB8E-45AA-8502-E7D9FDEBEED0}"
EndProject
Global
	GlobalSection(SolutionConfigurationPlatforms) = preSolution
		Debug|Any CPU = Debug|Any CPU
		Release|Any CPU = Release|Any CPU
	EndGlobalSection
	GlobalSection(ProjectConfigurationPlatforms) = postSolution
		{85770C77-DB8E-45AA-8502-E7D9FDEBEED0}.Debug|Any CPU.ActiveCfg = Debug|Any CPU
		{85770C77-DB8E-45AA-8502-E7D9FDEBEED0}.Debug|Any CPU.Build.0 = Debug|Any CPU
		{85770C77-DB8E-45AA-8502-E7D9FDEBEED0}.Release|Any CPU.ActiveCfg = Release|Any CPU
		{85770C77-DB8E-45AA-8502-E7D9FDEBEED0}.Release|Any CPU.Build.0 = Release|Any CPU
	EndGlobalSection
	GlobalSection(SolutionProperties) = preSolution
		HideSolutionNode = FALSE
	EndGlobalSection
	GlobalSection(ExtensibilityGlobals) = postSolution
		SolutionGuid = {33825E52-79DA-41CB-BC74-C0C999A850F6}
	EndGlobalSection
EndGlobal
